
Microsoft Visual Studio Solution File, Format Version 12.00
# Visual Studio Version 17
VisualStudioVersion = 17.4.33213.308
MinimumVisualStudioVersion = 10.0.40219.1
Project("{FAE04EC0-301F-11D3-BF4B-00C04F79EFBC}") = "ConsoleApp", "ConsoleApp\ConsoleApp.csproj", "{DF410CB7-EA53-4A41-845B-9FF2D7B83C3B}"
EndProject
Project("{FAE04EC0-301F-11D3-BF4B-00C04F79EFBC}") = "ArithmetiqueApp", "ArithmetiqueApp\ArithmetiqueApp.csproj", "{2B5DC4D6-9936-4336-8146-B70141F00FDB}"
EndProject
Project("{FAE04EC0-301F-11D3-BF4B-00C04F79EFBC}") = "ArithmetiqueAppMVVM", "ArithmetiqueAppMVVM\ArithmetiqueAppMVVM.csproj", "{41B6A550-8D5B-437A-B723-8403BE5058D3}"
EndProject
Project("{FAE04EC0-301F-11D3-BF4B-00C04F79EFBC}") = "WPFProjects.Calculator.Start", "WPFProjects.Calculator.Start\WPFProjects.Calculator.Start.csproj", "{8B16FC18-661C-45C6-9377-671A8E44CC6F}"
EndProject
Project("{FAE04EC0-301F-11D3-BF4B-00C04F79EFBC}") = "WPFProjects.Calculator.MVVM", "WPFProjects.Calculator.MVVM\WPFProjects.Calculator.MVVM.csproj", "{481B0995-AD18-4550-9949-9481FF3BE538}"
EndProject
Project("{FAE04EC0-301F-11D3-BF4B-00C04F79EFBC}") = "Commercial.Model", "Commercial.Model\Commercial.Model.csproj", "{18BC3AB4-4006-4B6A-B1D0-1B6B3F7399A3}"
EndProject
Project("{FAE04EC0-301F-11D3-BF4B-00C04F79EFBC}") = "Commercial.SqlServer", "Commercial.SqlServer\Commercial.SqlServer.csproj", "{D339B5B7-4A24-482E-BD93-D72BE65A1AF4}"
EndProject
Project("{FAE04EC0-301F-11D3-BF4B-00C04F79EFBC}") = "Commercial.MVVM", "Commercial.MVVM\Commercial.MVVM.csproj", "{6287EAE9-EA70-4327-8D1E-E6197E29FA6B}"
EndProject
Project("{FAE04EC0-301F-11D3-BF4B-00C04F79EFBC}") = "Commerical.Postgres", "Commerical.Postgres\Commerical.Postgres.csproj", "{5F8D9FE1-484E-4EC3-805D-F74A7B21F4F8}"
EndProject
Global
	GlobalSection(SolutionConfigurationPlatforms) = preSolution
		Debug|Any CPU = Debug|Any CPU
		Release|Any CPU = Release|Any CPU
	EndGlobalSection
	GlobalSection(ProjectConfigurationPlatforms) = postSolution
		{DF410CB7-EA53-4A41-845B-9FF2D7B83C3B}.Debug|Any CPU.ActiveCfg = Debug|Any CPU
		{DF410CB7-EA53-4A41-845B-9FF2D7B83C3B}.Debug|Any CPU.Build.0 = Debug|Any CPU
		{DF410CB7-EA53-4A41-845B-9FF2D7B83C3B}.Release|Any CPU.ActiveCfg = Release|Any CPU
		{DF410CB7-EA53-4A41-845B-9FF2D7B83C3B}.Release|Any CPU.Build.0 = Release|Any CPU
		{2B5DC4D6-9936-4336-8146-B70141F00FDB}.Debug|Any CPU.ActiveCfg = Debug|Any CPU
		{2B5DC4D6-9936-4336-8146-B70141F00FDB}.Debug|Any CPU.Build.0 = Debug|Any CPU
		{2B5DC4D6-9936-4336-8146-B70141F00FDB}.Release|Any CPU.ActiveCfg = Release|Any CPU
		{2B5DC4D6-9936-4336-8146-B70141F00FDB}.Release|Any CPU.Build.0 = Release|Any CPU
		{41B6A550-8D5B-437A-B723-8403BE5058D3}.Debug|Any CPU.ActiveCfg = Debug|Any CPU
		{41B6A550-8D5B-437A-B723-8403BE5058D3}.Debug|Any CPU.Build.0 = Debug|Any CPU
		{41B6A550-8D5B-437A-B723-8403BE5058D3}.Release|Any CPU.ActiveCfg = Release|Any CPU
		{41B6A550-8D5B-437A-B723-8403BE5058D3}.Release|Any CPU.Build.0 = Release|Any CPU
		{8B16FC18-661C-45C6-9377-671A8E44CC6F}.Debug|Any CPU.ActiveCfg = Debug|Any CPU
		{8B16FC18-661C-45C6-9377-671A8E44CC6F}.Debug|Any CPU.Build.0 = Debug|Any CPU
		{8B16FC18-661C-45C6-9377-671A8E44CC6F}.Release|Any CPU.ActiveCfg = Release|Any CPU
		{8B16FC18-661C-45C6-9377-671A8E44CC6F}.Release|Any CPU.Build.0 = Release|Any CPU
		{481B0995-AD18-4550-9949-9481FF3BE538}.Debug|Any CPU.ActiveCfg = Debug|Any CPU
		{481B0995-AD18-4550-9949-9481FF3BE538}.Debug|Any CPU.Build.0 = Debug|Any CPU
		{481B0995-AD18-4550-9949-9481FF3BE538}.Release|Any CPU.ActiveCfg = Release|Any CPU
		{481B0995-AD18-4550-9949-9481FF3BE538}.Release|Any CPU.Build.0 = Release|Any CPU
		{18BC3AB4-4006-4B6A-B1D0-1B6B3F7399A3}.Debug|Any CPU.ActiveCfg = Debug|Any CPU
		{18BC3AB4-4006-4B6A-B1D0-1B6B3F7399A3}.Debug|Any CPU.Build.0 = Debug|Any CPU
		{18BC3AB4-4006-4B6A-B1D0-1B6B3F7399A3}.Release|Any CPU.ActiveCfg = Release|Any CPU
		{18BC3AB4-4006-4B6A-B1D0-1B6B3F7399A3}.Release|Any CPU.Build.0 = Release|Any CPU
		{D339B5B7-4A24-482E-BD93-D72BE65A1AF4}.Debug|Any CPU.ActiveCfg = Debug|Any CPU
		{D339B5B7-4A24-482E-BD93-D72BE65A1AF4}.Debug|Any CPU.Build.0 = Debug|Any CPU
		{D339B5B7-4A24-482E-BD93-D72BE65A1AF4}.Release|Any CPU.ActiveCfg = Release|Any CPU
		{D339B5B7-4A24-482E-BD93-D72BE65A1AF4}.Release|Any CPU.Build.0 = Release|Any CPU
		{6287EAE9-EA70-4327-8D1E-E6197E29FA6B}.Debug|Any CPU.ActiveCfg = Debug|Any CPU
		{6287EAE9-EA70-4327-8D1E-E6197E29FA6B}.Debug|Any CPU.Build.0 = Debug|Any CPU
		{6287EAE9-EA70-4327-8D1E-E6197E29FA6B}.Release|Any CPU.ActiveCfg = Release|Any CPU
		{6287EAE9-EA70-4327-8D1E-E6197E29FA6B}.Release|Any CPU.Build.0 = Release|Any CPU
		{5F8D9FE1-484E-4EC3-805D-F74A7B21F4F8}.Debug|Any CPU.ActiveCfg = Debug|Any CPU
		{5F8D9FE1-484E-4EC3-805D-F74A7B21F4F8}.Debug|Any CPU.Build.0 = Debug|Any CPU
		{5F8D9FE1-484E-4EC3-805D-F74A7B21F4F8}.Release|Any CPU.ActiveCfg = Release|Any CPU
		{5F8D9FE1-484E-4EC3-805D-F74A7B21F4F8}.Release|Any CPU.Build.0 = Release|Any CPU
	EndGlobalSection
	GlobalSection(SolutionProperties) = preSolution
		HideSolutionNode = FALSE
	EndGlobalSection
	GlobalSection(ExtensibilityGlobals) = postSolution
		SolutionGuid = {ED0B0F8E-758B-424C-926E-1AAEC4EBCEF5}
	EndGlobalSection
EndGlobal
